
Microsoft Visual Studio Solution File, Format Version 12.00
# Visual Studio Version 16
VisualStudioVersion = 16.0.810.14
MinimumVisualStudioVersion = 10.0.40219.1
Project("{FAE04EC0-301F-11D3-BF4B-00C04F79EFBC}") = "day20", "day20.csproj", "{714BE130-AC44-4AA8-B5BD-3EAF14E43AB0}"
EndProject
Global
	GlobalSection(SolutionConfigurationPlatforms) = preSolution
		Debug|Any CPU = Debug|Any CPU
		Release|Any CPU = Release|Any CPU
	EndGlobalSection
	GlobalSection(ProjectConfigurationPlatforms) = postSolution
		{714BE130-AC44-4AA8-B5BD-3EAF14E43AB0}.Debug|Any CPU.ActiveCfg = Debug|Any CPU
		{714BE130-AC44-4AA8-B5BD-3EAF14E43AB0}.Debug|Any CPU.Build.0 = Debug|Any CPU
		{714BE130-AC44-4AA8-B5BD-3EAF14E43AB0}.Release|Any CPU.ActiveCfg = Release|Any CPU
		{714BE130-AC44-4AA8-B5BD-3EAF14E43AB0}.Release|Any CPU.Build.0 = Release|Any CPU
	EndGlobalSection
	GlobalSection(SolutionProperties) = preSolution
		HideSolutionNode = FALSE
	EndGlobalSection
	GlobalSection(ExtensibilityGlobals) = postSolution
		SolutionGuid = {01B2007C-7E05-49C4-9689-2EF3782AD7F5}
	EndGlobalSection
EndGlobal
