
Microsoft Visual Studio Solution File, Format Version 12.00
# Visual Studio Version 16
VisualStudioVersion = 16.0.810.14
MinimumVisualStudioVersion = 10.0.40219.1
Project("{FAE04EC0-301F-11D3-BF4B-00C04F79EFBC}") = "day13", "day13.csproj", "{E1A29B3B-EC45-4436-945A-792B5B885B2F}"
EndProject
Global
	GlobalSection(SolutionConfigurationPlatforms) = preSolution
		Debug|Any CPU = Debug|Any CPU
		Release|Any CPU = Release|Any CPU
	EndGlobalSection
	GlobalSection(ProjectConfigurationPlatforms) = postSolution
		{E1A29B3B-EC45-4436-945A-792B5B885B2F}.Debug|Any CPU.ActiveCfg = Debug|Any CPU
		{E1A29B3B-EC45-4436-945A-792B5B885B2F}.Debug|Any CPU.Build.0 = Debug|Any CPU
		{E1A29B3B-EC45-4436-945A-792B5B885B2F}.Release|Any CPU.ActiveCfg = Release|Any CPU
		{E1A29B3B-EC45-4436-945A-792B5B885B2F}.Release|Any CPU.Build.0 = Release|Any CPU
	EndGlobalSection
	GlobalSection(SolutionProperties) = preSolution
		HideSolutionNode = FALSE
	EndGlobalSection
	GlobalSection(ExtensibilityGlobals) = postSolution
		SolutionGuid = {9CDB7C27-A16B-47D4-A98E-3E38DC10AE1D}
	EndGlobalSection
EndGlobal
