
Microsoft Visual Studio Solution File, Format Version 12.00
# Visual Studio Version 16
VisualStudioVersion = 16.0.810.13
MinimumVisualStudioVersion = 10.0.40219.1
Project("{FAE04EC0-301F-11D3-BF4B-00C04F79EFBC}") = "day11", "day11.csproj", "{24E7513C-239D-47E2-BCA5-C0C0DEADC619}"
EndProject
Global
	GlobalSection(SolutionConfigurationPlatforms) = preSolution
		Debug|Any CPU = Debug|Any CPU
		Release|Any CPU = Release|Any CPU
	EndGlobalSection
	GlobalSection(ProjectConfigurationPlatforms) = postSolution
		{24E7513C-239D-47E2-BCA5-C0C0DEADC619}.Debug|Any CPU.ActiveCfg = Debug|Any CPU
		{24E7513C-239D-47E2-BCA5-C0C0DEADC619}.Debug|Any CPU.Build.0 = Debug|Any CPU
		{24E7513C-239D-47E2-BCA5-C0C0DEADC619}.Release|Any CPU.ActiveCfg = Release|Any CPU
		{24E7513C-239D-47E2-BCA5-C0C0DEADC619}.Release|Any CPU.Build.0 = Release|Any CPU
	EndGlobalSection
	GlobalSection(SolutionProperties) = preSolution
		HideSolutionNode = FALSE
	EndGlobalSection
	GlobalSection(ExtensibilityGlobals) = postSolution
		SolutionGuid = {24FFC36F-DF18-49DF-95B0-94E396B49663}
	EndGlobalSection
EndGlobal
