
Microsoft Visual Studio Solution File, Format Version 12.00
# Visual Studio Version 16
VisualStudioVersion = 16.0.810.14
MinimumVisualStudioVersion = 10.0.40219.1
Project("{FAE04EC0-301F-11D3-BF4B-00C04F79EFBC}") = "day25", "day25.csproj", "{A5D6F0A8-BA5D-415F-9EB1-CF14105D137D}"
EndProject
Global
	GlobalSection(SolutionConfigurationPlatforms) = preSolution
		Debug|Any CPU = Debug|Any CPU
		Release|Any CPU = Release|Any CPU
	EndGlobalSection
	GlobalSection(ProjectConfigurationPlatforms) = postSolution
		{A5D6F0A8-BA5D-415F-9EB1-CF14105D137D}.Debug|Any CPU.ActiveCfg = Debug|Any CPU
		{A5D6F0A8-BA5D-415F-9EB1-CF14105D137D}.Debug|Any CPU.Build.0 = Debug|Any CPU
		{A5D6F0A8-BA5D-415F-9EB1-CF14105D137D}.Release|Any CPU.ActiveCfg = Release|Any CPU
		{A5D6F0A8-BA5D-415F-9EB1-CF14105D137D}.Release|Any CPU.Build.0 = Release|Any CPU
	EndGlobalSection
	GlobalSection(SolutionProperties) = preSolution
		HideSolutionNode = FALSE
	EndGlobalSection
	GlobalSection(ExtensibilityGlobals) = postSolution
		SolutionGuid = {463013D0-E503-49C7-A1DE-A60FAE9C67BC}
	EndGlobalSection
EndGlobal
