
Microsoft Visual Studio Solution File, Format Version 12.00
# Visual Studio Version 16
VisualStudioVersion = 16.0.810.14
MinimumVisualStudioVersion = 10.0.40219.1
Project("{FAE04EC0-301F-11D3-BF4B-00C04F79EFBC}") = "day16", "day16.csproj", "{0367F03A-1161-4A86-8049-8C41690B2BCD}"
EndProject
Global
	GlobalSection(SolutionConfigurationPlatforms) = preSolution
		Debug|Any CPU = Debug|Any CPU
		Release|Any CPU = Release|Any CPU
	EndGlobalSection
	GlobalSection(ProjectConfigurationPlatforms) = postSolution
		{0367F03A-1161-4A86-8049-8C41690B2BCD}.Debug|Any CPU.ActiveCfg = Debug|Any CPU
		{0367F03A-1161-4A86-8049-8C41690B2BCD}.Debug|Any CPU.Build.0 = Debug|Any CPU
		{0367F03A-1161-4A86-8049-8C41690B2BCD}.Release|Any CPU.ActiveCfg = Release|Any CPU
		{0367F03A-1161-4A86-8049-8C41690B2BCD}.Release|Any CPU.Build.0 = Release|Any CPU
	EndGlobalSection
	GlobalSection(SolutionProperties) = preSolution
		HideSolutionNode = FALSE
	EndGlobalSection
	GlobalSection(ExtensibilityGlobals) = postSolution
		SolutionGuid = {51771C8C-7BEF-40AB-9F13-324D98F4A2F4}
	EndGlobalSection
EndGlobal
